// !$*UTF8*$!
{
	archiveVersion = 1;
	classes = {
	};
	objectVersion = 50;
	objects = {

/* Begin PBXBuildFile section */
		AB360F06264ECE0D00684117 /* CodeTextView.swift in Sources */ = {isa = PBXBuildFile; fileRef = AB360F05264ECE0D00684117 /* CodeTextView.swift */; };
		AB360F25264EDF6E00684117 /* RectangleCard.swift in Sources */ = {isa = PBXBuildFile; fileRef = AB360F24264EDF6E00684117 /* RectangleCard.swift */; };
		AB5E0BE4264E700B00C54F68 /* HomeViewRow.swift in Sources */ = {isa = PBXBuildFile; fileRef = AB5E0BE3264E700B00C54F68 /* HomeViewRow.swift */; };
		AB5E0BE6264E75DA00C54F68 /* ContentView.swift in Sources */ = {isa = PBXBuildFile; fileRef = AB5E0BE5264E75DA00C54F68 /* ContentView.swift */; };
		AB6DC06F264E595B00DD73F0 /* LearningApp.swift in Sources */ = {isa = PBXBuildFile; fileRef = AB6DC06E264E595B00DD73F0 /* LearningApp.swift */; };
		AB6DC071264E595B00DD73F0 /* HomeView.swift in Sources */ = {isa = PBXBuildFile; fileRef = AB6DC070264E595B00DD73F0 /* HomeView.swift */; };
		AB6DC073264E595F00DD73F0 /* Assets.xcassets in Resources */ = {isa = PBXBuildFile; fileRef = AB6DC072264E595F00DD73F0 /* Assets.xcassets */; };
		AB6DC076264E595F00DD73F0 /* Preview Assets.xcassets in Resources */ = {isa = PBXBuildFile; fileRef = AB6DC075264E595F00DD73F0 /* Preview Assets.xcassets */; };
		AB6DC082264E5A1700DD73F0 /* ContentModel.swift in Sources */ = {isa = PBXBuildFile; fileRef = AB6DC081264E5A1700DD73F0 /* ContentModel.swift */; };
		AB6DC085264E5CCE00DD73F0 /* style.html in Resources */ = {isa = PBXBuildFile; fileRef = AB6DC083264E5CCD00DD73F0 /* style.html */; };
		AB6DC086264E5CCE00DD73F0 /* data.json in Resources */ = {isa = PBXBuildFile; fileRef = AB6DC084264E5CCE00DD73F0 /* data.json */; };
		AB6DC088264E5EA600DD73F0 /* Models.swift in Sources */ = {isa = PBXBuildFile; fileRef = AB6DC087264E5EA600DD73F0 /* Models.swift */; };
		ABCAAF0A264E7FF90020ECF7 /* ContentViewRow.swift in Sources */ = {isa = PBXBuildFile; fileRef = ABCAAF09264E7FF90020ECF7 /* ContentViewRow.swift */; };
		ABCAAF0C264E96880020ECF7 /* ContentDetailView.swift in Sources */ = {isa = PBXBuildFile; fileRef = ABCAAF0B264E96880020ECF7 /* ContentDetailView.swift */; };
		ABCAAF0F264E99F80020ECF7 /* AVKit.framework in Frameworks */ = {isa = PBXBuildFile; fileRef = ABCAAF0E264E99F80020ECF7 /* AVKit.framework */; };
		ABCAAF11264E9CB30020ECF7 /* Constants.swift in Sources */ = {isa = PBXBuildFile; fileRef = ABCAAF10264E9CB30020ECF7 /* Constants.swift */; };
/* End PBXBuildFile section */

/* Begin PBXFileReference section */
		AB360F05264ECE0D00684117 /* CodeTextView.swift */ = {isa = PBXFileReference; lastKnownFileType = sourcecode.swift; path = CodeTextView.swift; sourceTree = "<group>"; };
		AB360F24264EDF6E00684117 /* RectangleCard.swift */ = {isa = PBXFileReference; lastKnownFileType = sourcecode.swift; path = RectangleCard.swift; sourceTree = "<group>"; };
		AB5E0BE3264E700B00C54F68 /* HomeViewRow.swift */ = {isa = PBXFileReference; lastKnownFileType = sourcecode.swift; path = HomeViewRow.swift; sourceTree = "<group>"; };
		AB5E0BE5264E75DA00C54F68 /* ContentView.swift */ = {isa = PBXFileReference; lastKnownFileType = sourcecode.swift; path = ContentView.swift; sourceTree = "<group>"; };
		AB6DC06B264E595B00DD73F0 /* LearningApp.app */ = {isa = PBXFileReference; explicitFileType = wrapper.application; includeInIndex = 0; path = LearningApp.app; sourceTree = BUILT_PRODUCTS_DIR; };
		AB6DC06E264E595B00DD73F0 /* LearningApp.swift */ = {isa = PBXFileReference; lastKnownFileType = sourcecode.swift; path = LearningApp.swift; sourceTree = "<group>"; };
		AB6DC070264E595B00DD73F0 /* HomeView.swift */ = {isa = PBXFileReference; lastKnownFileType = sourcecode.swift; path = HomeView.swift; sourceTree = "<group>"; };
		AB6DC072264E595F00DD73F0 /* Assets.xcassets */ = {isa = PBXFileReference; lastKnownFileType = folder.assetcatalog; path = Assets.xcassets; sourceTree = "<group>"; };
		AB6DC075264E595F00DD73F0 /* Preview Assets.xcassets */ = {isa = PBXFileReference; lastKnownFileType = folder.assetcatalog; path = "Preview Assets.xcassets"; sourceTree = "<group>"; };
		AB6DC077264E595F00DD73F0 /* Info.plist */ = {isa = PBXFileReference; lastKnownFileType = text.plist.xml; path = Info.plist; sourceTree = "<group>"; };
		AB6DC081264E5A1700DD73F0 /* ContentModel.swift */ = {isa = PBXFileReference; lastKnownFileType = sourcecode.swift; path = ContentModel.swift; sourceTree = "<group>"; };
		AB6DC083264E5CCD00DD73F0 /* style.html */ = {isa = PBXFileReference; fileEncoding = 4; lastKnownFileType = text.html; path = style.html; sourceTree = "<group>"; };
		AB6DC084264E5CCE00DD73F0 /* data.json */ = {isa = PBXFileReference; fileEncoding = 4; lastKnownFileType = text.json; path = data.json; sourceTree = "<group>"; };
		AB6DC087264E5EA600DD73F0 /* Models.swift */ = {isa = PBXFileReference; lastKnownFileType = sourcecode.swift; path = Models.swift; sourceTree = "<group>"; };
		ABCAAF09264E7FF90020ECF7 /* ContentViewRow.swift */ = {isa = PBXFileReference; lastKnownFileType = sourcecode.swift; path = ContentViewRow.swift; sourceTree = "<group>"; };
		ABCAAF0B264E96880020ECF7 /* ContentDetailView.swift */ = {isa = PBXFileReference; lastKnownFileType = sourcecode.swift; path = ContentDetailView.swift; sourceTree = "<group>"; };
		ABCAAF0E264E99F80020ECF7 /* AVKit.framework */ = {isa = PBXFileReference; lastKnownFileType = wrapper.framework; name = AVKit.framework; path = System/Library/Frameworks/AVKit.framework; sourceTree = SDKROOT; };
		ABCAAF10264E9CB30020ECF7 /* Constants.swift */ = {isa = PBXFileReference; lastKnownFileType = sourcecode.swift; path = Constants.swift; sourceTree = "<group>"; };
/* End PBXFileReference section */

/* Begin PBXFrameworksBuildPhase section */
		AB6DC068264E595B00DD73F0 /* Frameworks */ = {
			isa = PBXFrameworksBuildPhase;
			buildActionMask = 2147483647;
			files = (
				ABCAAF0F264E99F80020ECF7 /* AVKit.framework in Frameworks */,
			);
			runOnlyForDeploymentPostprocessing = 0;
		};
/* End PBXFrameworksBuildPhase section */

/* Begin PBXGroup section */
		AB6DC062264E595A00DD73F0 = {
			isa = PBXGroup;
			children = (
				AB6DC06D264E595B00DD73F0 /* LearningApp */,
				AB6DC06C264E595B00DD73F0 /* Products */,
				ABCAAF0D264E99F80020ECF7 /* Frameworks */,
			);
			sourceTree = "<group>";
		};
		AB6DC06C264E595B00DD73F0 /* Products */ = {
			isa = PBXGroup;
			children = (
				AB6DC06B264E595B00DD73F0 /* LearningApp.app */,
			);
			name = Products;
			sourceTree = "<group>";
		};
		AB6DC06D264E595B00DD73F0 /* LearningApp */ = {
			isa = PBXGroup;
			children = (
				AB6DC06E264E595B00DD73F0 /* LearningApp.swift */,
				AB6DC07D264E59BB00DD73F0 /* Views */,
				AB6DC07E264E59C100DD73F0 /* ViewModels */,
				AB6DC07F264E59C900DD73F0 /* Models */,
				AB6DC080264E59D000DD73F0 /* Resources */,
				AB6DC072264E595F00DD73F0 /* Assets.xcassets */,
				AB6DC077264E595F00DD73F0 /* Info.plist */,
				AB6DC074264E595F00DD73F0 /* Preview Content */,
			);
			path = LearningApp;
			sourceTree = "<group>";
		};
		AB6DC074264E595F00DD73F0 /* Preview Content */ = {
			isa = PBXGroup;
			children = (
				AB6DC075264E595F00DD73F0 /* Preview Assets.xcassets */,
			);
			path = "Preview Content";
			sourceTree = "<group>";
		};
		AB6DC07D264E59BB00DD73F0 /* Views */ = {
			isa = PBXGroup;
			children = (
				AB6DC070264E595B00DD73F0 /* HomeView.swift */,
				AB5E0BE3264E700B00C54F68 /* HomeViewRow.swift */,
				AB5E0BE5264E75DA00C54F68 /* ContentView.swift */,
				ABCAAF09264E7FF90020ECF7 /* ContentViewRow.swift */,
				ABCAAF0B264E96880020ECF7 /* ContentDetailView.swift */,
				AB360F05264ECE0D00684117 /* CodeTextView.swift */,
				AB360F24264EDF6E00684117 /* RectangleCard.swift */,
			);
			path = Views;
			sourceTree = "<group>";
		};
		AB6DC07E264E59C100DD73F0 /* ViewModels */ = {
			isa = PBXGroup;
			children = (
				AB6DC081264E5A1700DD73F0 /* ContentModel.swift */,
			);
			path = ViewModels;
			sourceTree = "<group>";
		};
		AB6DC07F264E59C900DD73F0 /* Models */ = {
			isa = PBXGroup;
			children = (
				AB6DC087264E5EA600DD73F0 /* Models.swift */,
			);
			path = Models;
			sourceTree = "<group>";
		};
		AB6DC080264E59D000DD73F0 /* Resources */ = {
			isa = PBXGroup;
			children = (
				AB6DC084264E5CCE00DD73F0 /* data.json */,
				AB6DC083264E5CCD00DD73F0 /* style.html */,
				ABCAAF10264E9CB30020ECF7 /* Constants.swift */,
			);
			path = Resources;
			sourceTree = "<group>";
		};
		ABCAAF0D264E99F80020ECF7 /* Frameworks */ = {
			isa = PBXGroup;
			children = (
				ABCAAF0E264E99F80020ECF7 /* AVKit.framework */,
			);
			name = Frameworks;
			sourceTree = "<group>";
		};
/* End PBXGroup section */

/* Begin PBXNativeTarget section */
		AB6DC06A264E595B00DD73F0 /* LearningApp */ = {
			isa = PBXNativeTarget;
			buildConfigurationList = AB6DC07A264E596000DD73F0 /* Build configuration list for PBXNativeTarget "LearningApp" */;
			buildPhases = (
				AB6DC067264E595B00DD73F0 /* Sources */,
				AB6DC068264E595B00DD73F0 /* Frameworks */,
				AB6DC069264E595B00DD73F0 /* Resources */,
			);
			buildRules = (
			);
			dependencies = (
			);
			name = LearningApp;
			productName = LearningApp;
			productReference = AB6DC06B264E595B00DD73F0 /* LearningApp.app */;
			productType = "com.apple.product-type.application";
		};
/* End PBXNativeTarget section */

/* Begin PBXProject section */
		AB6DC063264E595A00DD73F0 /* Project object */ = {
			isa = PBXProject;
			attributes = {
				LastSwiftUpdateCheck = 1250;
				LastUpgradeCheck = 1250;
				TargetAttributes = {
					AB6DC06A264E595B00DD73F0 = {
						CreatedOnToolsVersion = 12.5;
					};
				};
			};
			buildConfigurationList = AB6DC066264E595A00DD73F0 /* Build configuration list for PBXProject "LearningApp" */;
			compatibilityVersion = "Xcode 9.3";
			developmentRegion = en;
			hasScannedForEncodings = 0;
			knownRegions = (
				en,
				Base,
			);
			mainGroup = AB6DC062264E595A00DD73F0;
			productRefGroup = AB6DC06C264E595B00DD73F0 /* Products */;
			projectDirPath = "";
			projectRoot = "";
			targets = (
				AB6DC06A264E595B00DD73F0 /* LearningApp */,
			);
		};
/* End PBXProject section */

/* Begin PBXResourcesBuildPhase section */
		AB6DC069264E595B00DD73F0 /* Resources */ = {
			isa = PBXResourcesBuildPhase;
			buildActionMask = 2147483647;
			files = (
				AB6DC085264E5CCE00DD73F0 /* style.html in Resources */,
				AB6DC076264E595F00DD73F0 /* Preview Assets.xcassets in Resources */,
				AB6DC073264E595F00DD73F0 /* Assets.xcassets in Resources */,
				AB6DC086264E5CCE00DD73F0 /* data.json in Resources */,
			);
			runOnlyForDeploymentPostprocessing = 0;
		};
/* End PBXResourcesBuildPhase section */

/* Begin PBXSourcesBuildPhase section */
		AB6DC067264E595B00DD73F0 /* Sources */ = {
			isa = PBXSourcesBuildPhase;
			buildActionMask = 2147483647;
			files = (
				AB6DC071264E595B00DD73F0 /* HomeView.swift in Sources */,
				AB5E0BE4264E700B00C54F68 /* HomeViewRow.swift in Sources */,
				AB5E0BE6264E75DA00C54F68 /* ContentView.swift in Sources */,
				ABCAAF0C264E96880020ECF7 /* ContentDetailView.swift in Sources */,
				AB6DC06F264E595B00DD73F0 /* LearningApp.swift in Sources */,
				ABCAAF0A264E7FF90020ECF7 /* ContentViewRow.swift in Sources */,
				AB360F06264ECE0D00684117 /* CodeTextView.swift in Sources */,
				AB6DC082264E5A1700DD73F0 /* ContentModel.swift in Sources */,
				AB6DC088264E5EA600DD73F0 /* Models.swift in Sources */,
				AB360F25264EDF6E00684117 /* RectangleCard.swift in Sources */,
				ABCAAF11264E9CB30020ECF7 /* Constants.swift in Sources */,
			);
			runOnlyForDeploymentPostprocessing = 0;
		};
/* End PBXSourcesBuildPhase section */

/* Begin XCBuildConfiguration section */
		AB6DC078264E596000DD73F0 /* Debug */ = {
			isa = XCBuildConfiguration;
			buildSettings = {
				ALWAYS_SEARCH_USER_PATHS = NO;
				CLANG_ANALYZER_NONNULL = YES;
				CLANG_ANALYZER_NUMBER_OBJECT_CONVERSION = YES_AGGRESSIVE;
				CLANG_CXX_LANGUAGE_STANDARD = "gnu++14";
				CLANG_CXX_LIBRARY = "libc++";
				CLANG_ENABLE_MODULES = YES;
				CLANG_ENABLE_OBJC_ARC = YES;
				CLANG_ENABLE_OBJC_WEAK = YES;
				CLANG_WARN_BLOCK_CAPTURE_AUTORELEASING = YES;
				CLANG_WARN_BOOL_CONVERSION = YES;
				CLANG_WARN_COMMA = YES;
				CLANG_WARN_CONSTANT_CONVERSION = YES;
				CLANG_WARN_DEPRECATED_OBJC_IMPLEMENTATIONS = YES;
				CLANG_WARN_DIRECT_OBJC_ISA_USAGE = YES_ERROR;
				CLANG_WARN_DOCUMENTATION_COMMENTS = YES;
				CLANG_WARN_EMPTY_BODY = YES;
				CLANG_WARN_ENUM_CONVERSION = YES;
				CLANG_WARN_INFINITE_RECURSION = YES;
				CLANG_WARN_INT_CONVERSION = YES;
				CLANG_WARN_NON_LITERAL_NULL_CONVERSION = YES;
				CLANG_WARN_OBJC_IMPLICIT_RETAIN_SELF = YES;
				CLANG_WARN_OBJC_LITERAL_CONVERSION = YES;
				CLANG_WARN_OBJC_ROOT_CLASS = YES_ERROR;
				CLANG_WARN_QUOTED_INCLUDE_IN_FRAMEWORK_HEADER = YES;
				CLANG_WARN_RANGE_LOOP_ANALYSIS = YES;
				CLANG_WARN_STRICT_PROTOTYPES = YES;
				CLANG_WARN_SUSPICIOUS_MOVE = YES;
				CLANG_WARN_UNGUARDED_AVAILABILITY = YES_AGGRESSIVE;
				CLANG_WARN_UNREACHABLE_CODE = YES;
				CLANG_WARN__DUPLICATE_METHOD_MATCH = YES;
				COPY_PHASE_STRIP = NO;
				DEBUG_INFORMATION_FORMAT = dwarf;
				ENABLE_STRICT_OBJC_MSGSEND = YES;
				ENABLE_TESTABILITY = YES;
				GCC_C_LANGUAGE_STANDARD = gnu11;
				GCC_DYNAMIC_NO_PIC = NO;
				GCC_NO_COMMON_BLOCKS = YES;
				GCC_OPTIMIZATION_LEVEL = 0;
				GCC_PREPROCESSOR_DEFINITIONS = (
					"DEBUG=1",
					"$(inherited)",
				);
				GCC_WARN_64_TO_32_BIT_CONVERSION = YES;
				GCC_WARN_ABOUT_RETURN_TYPE = YES_ERROR;
				GCC_WARN_UNDECLARED_SELECTOR = YES;
				GCC_WARN_UNINITIALIZED_AUTOS = YES_AGGRESSIVE;
				GCC_WARN_UNUSED_FUNCTION = YES;
				GCC_WARN_UNUSED_VARIABLE = YES;
				IPHONEOS_DEPLOYMENT_TARGET = 14.5;
				MTL_ENABLE_DEBUG_INFO = INCLUDE_SOURCE;
				MTL_FAST_MATH = YES;
				ONLY_ACTIVE_ARCH = YES;
				SDKROOT = iphoneos;
				SWIFT_ACTIVE_COMPILATION_CONDITIONS = DEBUG;
				SWIFT_OPTIMIZATION_LEVEL = "-Onone";
			};
			name = Debug;
		};
		AB6DC079264E596000DD73F0 /* Release */ = {
			isa = XCBuildConfiguration;
			buildSettings = {
				ALWAYS_SEARCH_USER_PATHS = NO;
				CLANG_ANALYZER_NONNULL = YES;
				CLANG_ANALYZER_NUMBER_OBJECT_CONVERSION = YES_AGGRESSIVE;
				CLANG_CXX_LANGUAGE_STANDARD = "gnu++14";
				CLANG_CXX_LIBRARY = "libc++";
				CLANG_ENABLE_MODULES = YES;
				CLANG_ENABLE_OBJC_ARC = YES;
				CLANG_ENABLE_OBJC_WEAK = YES;
				CLANG_WARN_BLOCK_CAPTURE_AUTORELEASING = YES;
				CLANG_WARN_BOOL_CONVERSION = YES;
				CLANG_WARN_COMMA = YES;
				CLANG_WARN_CONSTANT_CONVERSION = YES;
				CLANG_WARN_DEPRECATED_OBJC_IMPLEMENTATIONS = YES;
				CLANG_WARN_DIRECT_OBJC_ISA_USAGE = YES_ERROR;
				CLANG_WARN_DOCUMENTATION_COMMENTS = YES;
				CLANG_WARN_EMPTY_BODY = YES;
				CLANG_WARN_ENUM_CONVERSION = YES;
				CLANG_WARN_INFINITE_RECURSION = YES;
				CLANG_WARN_INT_CONVERSION = YES;
				CLANG_WARN_NON_LITERAL_NULL_CONVERSION = YES;
				CLANG_WARN_OBJC_IMPLICIT_RETAIN_SELF = YES;
				CLANG_WARN_OBJC_LITERAL_CONVERSION = YES;
				CLANG_WARN_OBJC_ROOT_CLASS = YES_ERROR;
				CLANG_WARN_QUOTED_INCLUDE_IN_FRAMEWORK_HEADER = YES;
				CLANG_WARN_RANGE_LOOP_ANALYSIS = YES;
				CLANG_WARN_STRICT_PROTOTYPES = YES;
				CLANG_WARN_SUSPICIOUS_MOVE = YES;
				CLANG_WARN_UNGUARDED_AVAILABILITY = YES_AGGRESSIVE;
				CLANG_WARN_UNREACHABLE_CODE = YES;
				CLANG_WARN__DUPLICATE_METHOD_MATCH = YES;
				COPY_PHASE_STRIP = NO;
				DEBUG_INFORMATION_FORMAT = "dwarf-with-dsym";
				ENABLE_NS_ASSERTIONS = NO;
				ENABLE_STRICT_OBJC_MSGSEND = YES;
				GCC_C_LANGUAGE_STANDARD = gnu11;
				GCC_NO_COMMON_BLOCKS = YES;
				GCC_WARN_64_TO_32_BIT_CONVERSION = YES;
				GCC_WARN_ABOUT_RETURN_TYPE = YES_ERROR;
				GCC_WARN_UNDECLARED_SELECTOR = YES;
				GCC_WARN_UNINITIALIZED_AUTOS = YES_AGGRESSIVE;
				GCC_WARN_UNUSED_FUNCTION = YES;
				GCC_WARN_UNUSED_VARIABLE = YES;
				IPHONEOS_DEPLOYMENT_TARGET = 14.5;
				MTL_ENABLE_DEBUG_INFO = NO;
				MTL_FAST_MATH = YES;
				SDKROOT = iphoneos;
				SWIFT_COMPILATION_MODE = wholemodule;
				SWIFT_OPTIMIZATION_LEVEL = "-O";
				VALIDATE_PRODUCT = YES;
			};
			name = Release;
		};
		AB6DC07B264E596000DD73F0 /* Debug */ = {
			isa = XCBuildConfiguration;
			buildSettings = {
				ASSETCATALOG_COMPILER_APPICON_NAME = AppIcon;
				ASSETCATALOG_COMPILER_GLOBAL_ACCENT_COLOR_NAME = AccentColor;
				CODE_SIGN_STYLE = Automatic;
				DEVELOPMENT_ASSET_PATHS = "\"LearningApp/Preview Content\"";
				DEVELOPMENT_TEAM = 78G4J4LQH2;
				ENABLE_PREVIEWS = YES;
				INFOPLIST_FILE = LearningApp/Info.plist;
				IPHONEOS_DEPLOYMENT_TARGET = 14.0;
				LD_RUNPATH_SEARCH_PATHS = (
					"$(inherited)",
					"@executable_path/Frameworks",
				);
				PRODUCT_BUNDLE_IDENTIFIER = Ketelaar.LearningApp;
				PRODUCT_NAME = "$(TARGET_NAME)";
				SWIFT_VERSION = 5.0;
				TARGETED_DEVICE_FAMILY = "1,2";
			};
			name = Debug;
		};
		AB6DC07C264E596000DD73F0 /* Release */ = {
			isa = XCBuildConfiguration;
			buildSettings = {
				ASSETCATALOG_COMPILER_APPICON_NAME = AppIcon;
				ASSETCATALOG_COMPILER_GLOBAL_ACCENT_COLOR_NAME = AccentColor;
				CODE_SIGN_STYLE = Automatic;
				DEVELOPMENT_ASSET_PATHS = "\"LearningApp/Preview Content\"";
				DEVELOPMENT_TEAM = 78G4J4LQH2;
				ENABLE_PREVIEWS = YES;
				INFOPLIST_FILE = LearningApp/Info.plist;
				IPHONEOS_DEPLOYMENT_TARGET = 14.0;
				LD_RUNPATH_SEARCH_PATHS = (
					"$(inherited)",
					"@executable_path/Frameworks",
				);
				PRODUCT_BUNDLE_IDENTIFIER = Ketelaar.LearningApp;
				PRODUCT_NAME = "$(TARGET_NAME)";
				SWIFT_VERSION = 5.0;
				TARGETED_DEVICE_FAMILY = "1,2";
			};
			name = Release;
		};
/* End XCBuildConfiguration section */

/* Begin XCConfigurationList section */
		AB6DC066264E595A00DD73F0 /* Build configuration list for PBXProject "LearningApp" */ = {
			isa = XCConfigurationList;
			buildConfigurations = (
				AB6DC078264E596000DD73F0 /* Debug */,
				AB6DC079264E596000DD73F0 /* Release */,
			);
			defaultConfigurationIsVisible = 0;
			defaultConfigurationName = Release;
		};
		AB6DC07A264E596000DD73F0 /* Build configuration list for PBXNativeTarget "LearningApp" */ = {
			isa = XCConfigurationList;
			buildConfigurations = (
				AB6DC07B264E596000DD73F0 /* Debug */,
				AB6DC07C264E596000DD73F0 /* Release */,
			);
			defaultConfigurationIsVisible = 0;
			defaultConfigurationName = Release;
		};
/* End XCConfigurationList section */
	};
	rootObject = AB6DC063264E595A00DD73F0 /* Project object */;
}
